
Microsoft Visual Studio Solution File, Format Version 12.00
# Visual Studio Version 17
VisualStudioVersion = 17.7.34024.191
MinimumVisualStudioVersion = 10.0.40219.1
Project("{9A19103F-16F7-4668-BE54-9A1E7A4F7556}") = "AYAlab12", "AYAlab12.csproj", "{115FC45B-0C28-448E-97EA-AF24387F8938}"
EndProject
Global
	GlobalSection(SolutionConfigurationPlatforms) = preSolution
		Debug|Any CPU = Debug|Any CPU
		Release|Any CPU = Release|Any CPU
	EndGlobalSection
	GlobalSection(ProjectConfigurationPlatforms) = postSolution
		{115FC45B-0C28-448E-97EA-AF24387F8938}.Debug|Any CPU.ActiveCfg = Debug|Any CPU
		{115FC45B-0C28-448E-97EA-AF24387F8938}.Debug|Any CPU.Build.0 = Debug|Any CPU
		{115FC45B-0C28-448E-97EA-AF24387F8938}.Release|Any CPU.ActiveCfg = Release|Any CPU
		{115FC45B-0C28-448E-97EA-AF24387F8938}.Release|Any CPU.Build.0 = Release|Any CPU
	EndGlobalSection
	GlobalSection(SolutionProperties) = preSolution
		HideSolutionNode = FALSE
	EndGlobalSection
	GlobalSection(ExtensibilityGlobals) = postSolution
		SolutionGuid = {395F6F49-151B-43B7-BD85-D869444FBE06}
	EndGlobalSection
EndGlobal
